{
  "requires": true,
  "lockfileVersion": 1,
  "dependencies": {
    "systemjs": {
      "version": "0.19.36",
      "resolved": "https://registry.npmjs.org/systemjs/-/systemjs-0.19.36.tgz",
      "integrity": "sha1-iXlRSZ12On8AhuvJ8y37pIEgAUQ=",
      "requires": {
        "when": "^3.7.5"
      }
    },
    "when": {
      "version": "3.7.8",
      "resolved": "https://registry.npmjs.org/when/-/when-3.7.8.tgz",
      "integrity": "sha1-xxMLan6gRpPoQs3J56Hyqjmjn4I="
    }
  }
}
